// !$*UTF8*$!
{
	archiveVersion = 1;
	classes = {
	};
	objectVersion = 50;
	objects = {

/* Begin PBXBuildFile section */
		15DB3B69264C52980037C88E /* AppDelegate.swift in Sources */ = {isa = PBXBuildFile; fileRef = 15DB3B68264C52980037C88E /* AppDelegate.swift */; };
		15DB3B6B264C52980037C88E /* SceneDelegate.swift in Sources */ = {isa = PBXBuildFile; fileRef = 15DB3B6A264C52980037C88E /* SceneDelegate.swift */; };
		15DB3B6D264C52980037C88E /* ViewController.swift in Sources */ = {isa = PBXBuildFile; fileRef = 15DB3B6C264C52980037C88E /* ViewController.swift */; };
		15DB3B70264C52980037C88E /* Main.storyboard in Resources */ = {isa = PBXBuildFile; fileRef = 15DB3B6E264C52980037C88E /* Main.storyboard */; };
		15DB3B73264C52980037C88E /* ToDoListApp.xcdatamodeld in Sources */ = {isa = PBXBuildFile; fileRef = 15DB3B71264C52980037C88E /* ToDoListApp.xcdatamodeld */; };
		15DB3B75264C529B0037C88E /* Assets.xcassets in Resources */ = {isa = PBXBuildFile; fileRef = 15DB3B74264C529B0037C88E /* Assets.xcassets */; };
		15DB3B78264C529B0037C88E /* LaunchScreen.storyboard in Resources */ = {isa = PBXBuildFile; fileRef = 15DB3B76264C529B0037C88E /* LaunchScreen.storyboard */; };
		15DB3B83264C529B0037C88E /* ToDoListAppTests.swift in Sources */ = {isa = PBXBuildFile; fileRef = 15DB3B82264C529B0037C88E /* ToDoListAppTests.swift */; };
		15DB3B8E264C529B0037C88E /* ToDoListAppUITests.swift in Sources */ = {isa = PBXBuildFile; fileRef = 15DB3B8D264C529B0037C88E /* ToDoListAppUITests.swift */; };
		15DB3B9F264C55260037C88E /* ToDoTableViewController.swift in Sources */ = {isa = PBXBuildFile; fileRef = 15DB3B9E264C55260037C88E /* ToDoTableViewController.swift */; };
		15DB3BA4264C55A00037C88E /* ToDo.swift in Sources */ = {isa = PBXBuildFile; fileRef = 15DB3BA3264C55A00037C88E /* ToDo.swift */; };
		15DB3BAE264C6AF50037C88E /* AddToDoViewController.swift in Sources */ = {isa = PBXBuildFile; fileRef = 15DB3BAD264C6AF50037C88E /* AddToDoViewController.swift */; };
		15DB3BB3264C70C80037C88E /* CompleteToDoViewController.swift in Sources */ = {isa = PBXBuildFile; fileRef = 15DB3BB2264C70C80037C88E /* CompleteToDoViewController.swift */; };
/* End PBXBuildFile section */

/* Begin PBXContainerItemProxy section */
		15DB3B7F264C529B0037C88E /* PBXContainerItemProxy */ = {
			isa = PBXContainerItemProxy;
			containerPortal = 15DB3B5D264C52980037C88E /* Project object */;
			proxyType = 1;
			remoteGlobalIDString = 15DB3B64264C52980037C88E;
			remoteInfo = ToDoListApp;
		};
		15DB3B8A264C529B0037C88E /* PBXContainerItemProxy */ = {
			isa = PBXContainerItemProxy;
			containerPortal = 15DB3B5D264C52980037C88E /* Project object */;
			proxyType = 1;
			remoteGlobalIDString = 15DB3B64264C52980037C88E;
			remoteInfo = ToDoListApp;
		};
/* End PBXContainerItemProxy section */

/* Begin PBXFileReference section */
		15DB3B65264C52980037C88E /* ToDoListApp.app */ = {isa = PBXFileReference; explicitFileType = wrapper.application; includeInIndex = 0; path = ToDoListApp.app; sourceTree = BUILT_PRODUCTS_DIR; };
		15DB3B68264C52980037C88E /* AppDelegate.swift */ = {isa = PBXFileReference; lastKnownFileType = sourcecode.swift; path = AppDelegate.swift; sourceTree = "<group>"; };
		15DB3B6A264C52980037C88E /* SceneDelegate.swift */ = {isa = PBXFileReference; lastKnownFileType = sourcecode.swift; path = SceneDelegate.swift; sourceTree = "<group>"; };
		15DB3B6C264C52980037C88E /* ViewController.swift */ = {isa = PBXFileReference; lastKnownFileType = sourcecode.swift; path = ViewController.swift; sourceTree = "<group>"; };
		15DB3B6F264C52980037C88E /* Base */ = {isa = PBXFileReference; lastKnownFileType = file.storyboard; name = Base; path = Base.lproj/Main.storyboard; sourceTree = "<group>"; };
		15DB3B72264C52980037C88E /* ToDoListApp.xcdatamodel */ = {isa = PBXFileReference; lastKnownFileType = wrapper.xcdatamodel; path = ToDoListApp.xcdatamodel; sourceTree = "<group>"; };
		15DB3B74264C529B0037C88E /* Assets.xcassets */ = {isa = PBXFileReference; lastKnownFileType = folder.assetcatalog; path = Assets.xcassets; sourceTree = "<group>"; };
		15DB3B77264C529B0037C88E /* Base */ = {isa = PBXFileReference; lastKnownFileType = file.storyboard; name = Base; path = Base.lproj/LaunchScreen.storyboard; sourceTree = "<group>"; };
		15DB3B79264C529B0037C88E /* Info.plist */ = {isa = PBXFileReference; lastKnownFileType = text.plist.xml; path = Info.plist; sourceTree = "<group>"; };
		15DB3B7E264C529B0037C88E /* ToDoListAppTests.xctest */ = {isa = PBXFileReference; explicitFileType = wrapper.cfbundle; includeInIndex = 0; path = ToDoListAppTests.xctest; sourceTree = BUILT_PRODUCTS_DIR; };
		15DB3B82264C529B0037C88E /* ToDoListAppTests.swift */ = {isa = PBXFileReference; lastKnownFileType = sourcecode.swift; path = ToDoListAppTests.swift; sourceTree = "<group>"; };
		15DB3B84264C529B0037C88E /* Info.plist */ = {isa = PBXFileReference; lastKnownFileType = text.plist.xml; path = Info.plist; sourceTree = "<group>"; };
		15DB3B89264C529B0037C88E /* ToDoListAppUITests.xctest */ = {isa = PBXFileReference; explicitFileType = wrapper.cfbundle; includeInIndex = 0; path = ToDoListAppUITests.xctest; sourceTree = BUILT_PRODUCTS_DIR; };
		15DB3B8D264C529B0037C88E /* ToDoListAppUITests.swift */ = {isa = PBXFileReference; lastKnownFileType = sourcecode.swift; path = ToDoListAppUITests.swift; sourceTree = "<group>"; };
		15DB3B8F264C529B0037C88E /* Info.plist */ = {isa = PBXFileReference; lastKnownFileType = text.plist.xml; path = Info.plist; sourceTree = "<group>"; };
		15DB3B9E264C55260037C88E /* ToDoTableViewController.swift */ = {isa = PBXFileReference; lastKnownFileType = sourcecode.swift; path = ToDoTableViewController.swift; sourceTree = "<group>"; };
		15DB3BA3264C55A00037C88E /* ToDo.swift */ = {isa = PBXFileReference; lastKnownFileType = sourcecode.swift; path = ToDo.swift; sourceTree = "<group>"; };
		15DB3BAD264C6AF50037C88E /* AddToDoViewController.swift */ = {isa = PBXFileReference; lastKnownFileType = sourcecode.swift; path = AddToDoViewController.swift; sourceTree = "<group>"; };
		15DB3BB2264C70C80037C88E /* CompleteToDoViewController.swift */ = {isa = PBXFileReference; lastKnownFileType = sourcecode.swift; path = CompleteToDoViewController.swift; sourceTree = "<group>"; };
/* End PBXFileReference section */

/* Begin PBXFrameworksBuildPhase section */
		15DB3B62264C52980037C88E /* Frameworks */ = {
			isa = PBXFrameworksBuildPhase;
			buildActionMask = 2147483647;
			files = (
			);
			runOnlyForDeploymentPostprocessing = 0;
		};
		15DB3B7B264C529B0037C88E /* Frameworks */ = {
			isa = PBXFrameworksBuildPhase;
			buildActionMask = 2147483647;
			files = (
			);
			runOnlyForDeploymentPostprocessing = 0;
		};
		15DB3B86264C529B0037C88E /* Frameworks */ = {
			isa = PBXFrameworksBuildPhase;
			buildActionMask = 2147483647;
			files = (
			);
			runOnlyForDeploymentPostprocessing = 0;
		};
/* End PBXFrameworksBuildPhase section */

/* Begin PBXGroup section */
		15DB3B5C264C52980037C88E = {
			isa = PBXGroup;
			children = (
				15DB3B67264C52980037C88E /* ToDoListApp */,
				15DB3B81264C529B0037C88E /* ToDoListAppTests */,
				15DB3B8C264C529B0037C88E /* ToDoListAppUITests */,
				15DB3B66264C52980037C88E /* Products */,
			);
			sourceTree = "<group>";
		};
		15DB3B66264C52980037C88E /* Products */ = {
			isa = PBXGroup;
			children = (
				15DB3B65264C52980037C88E /* ToDoListApp.app */,
				15DB3B7E264C529B0037C88E /* ToDoListAppTests.xctest */,
				15DB3B89264C529B0037C88E /* ToDoListAppUITests.xctest */,
			);
			name = Products;
			sourceTree = "<group>";
		};
		15DB3B67264C52980037C88E /* ToDoListApp */ = {
			isa = PBXGroup;
			children = (
				15DB3B68264C52980037C88E /* AppDelegate.swift */,
				15DB3B6A264C52980037C88E /* SceneDelegate.swift */,
				15DB3B6C264C52980037C88E /* ViewController.swift */,
				15DB3B6E264C52980037C88E /* Main.storyboard */,
				15DB3B74264C529B0037C88E /* Assets.xcassets */,
				15DB3B76264C529B0037C88E /* LaunchScreen.storyboard */,
				15DB3B79264C529B0037C88E /* Info.plist */,
				15DB3B71264C52980037C88E /* ToDoListApp.xcdatamodeld */,
				15DB3B9E264C55260037C88E /* ToDoTableViewController.swift */,
				15DB3BA3264C55A00037C88E /* ToDo.swift */,
				15DB3BAD264C6AF50037C88E /* AddToDoViewController.swift */,
				15DB3BB2264C70C80037C88E /* CompleteToDoViewController.swift */,
			);
			path = ToDoListApp;
			sourceTree = "<group>";
		};
		15DB3B81264C529B0037C88E /* ToDoListAppTests */ = {
			isa = PBXGroup;
			children = (
				15DB3B82264C529B0037C88E /* ToDoListAppTests.swift */,
				15DB3B84264C529B0037C88E /* Info.plist */,
			);
			path = ToDoListAppTests;
			sourceTree = "<group>";
		};
		15DB3B8C264C529B0037C88E /* ToDoListAppUITests */ = {
			isa = PBXGroup;
			children = (
				15DB3B8D264C529B0037C88E /* ToDoListAppUITests.swift */,
				15DB3B8F264C529B0037C88E /* Info.plist */,
			);
			path = ToDoListAppUITests;
			sourceTree = "<group>";
		};
/* End PBXGroup section */

/* Begin PBXNativeTarget section */
		15DB3B64264C52980037C88E /* ToDoListApp */ = {
			isa = PBXNativeTarget;
			buildConfigurationList = 15DB3B92264C529B0037C88E /* Build configuration list for PBXNativeTarget "ToDoListApp" */;
			buildPhases = (
				15DB3B61264C52980037C88E /* Sources */,
				15DB3B62264C52980037C88E /* Frameworks */,
				15DB3B63264C52980037C88E /* Resources */,
			);
			buildRules = (
			);
			dependencies = (
			);
			name = ToDoListApp;
			productName = ToDoListApp;
			productReference = 15DB3B65264C52980037C88E /* ToDoListApp.app */;
			productType = "com.apple.product-type.application";
		};
		15DB3B7D264C529B0037C88E /* ToDoListAppTests */ = {
			isa = PBXNativeTarget;
			buildConfigurationList = 15DB3B95264C529B0037C88E /* Build configuration list for PBXNativeTarget "ToDoListAppTests" */;
			buildPhases = (
				15DB3B7A264C529B0037C88E /* Sources */,
				15DB3B7B264C529B0037C88E /* Frameworks */,
				15DB3B7C264C529B0037C88E /* Resources */,
			);
			buildRules = (
			);
			dependencies = (
				15DB3B80264C529B0037C88E /* PBXTargetDependency */,
			);
			name = ToDoListAppTests;
			productName = ToDoListAppTests;
			productReference = 15DB3B7E264C529B0037C88E /* ToDoListAppTests.xctest */;
			productType = "com.apple.product-type.bundle.unit-test";
		};
		15DB3B88264C529B0037C88E /* ToDoListAppUITests */ = {
			isa = PBXNativeTarget;
			buildConfigurationList = 15DB3B98264C529B0037C88E /* Build configuration list for PBXNativeTarget "ToDoListAppUITests" */;
			buildPhases = (
				15DB3B85264C529B0037C88E /* Sources */,
				15DB3B86264C529B0037C88E /* Frameworks */,
				15DB3B87264C529B0037C88E /* Resources */,
			);
			buildRules = (
			);
			dependencies = (
				15DB3B8B264C529B0037C88E /* PBXTargetDependency */,
			);
			name = ToDoListAppUITests;
			productName = ToDoListAppUITests;
			productReference = 15DB3B89264C529B0037C88E /* ToDoListAppUITests.xctest */;
			productType = "com.apple.product-type.bundle.ui-testing";
		};
/* End PBXNativeTarget section */

/* Begin PBXProject section */
		15DB3B5D264C52980037C88E /* Project object */ = {
			isa = PBXProject;
			attributes = {
				LastSwiftUpdateCheck = 1240;
				LastUpgradeCheck = 1240;
				TargetAttributes = {
					15DB3B64264C52980037C88E = {
						CreatedOnToolsVersion = 12.4;
					};
					15DB3B7D264C529B0037C88E = {
						CreatedOnToolsVersion = 12.4;
						TestTargetID = 15DB3B64264C52980037C88E;
					};
					15DB3B88264C529B0037C88E = {
						CreatedOnToolsVersion = 12.4;
						TestTargetID = 15DB3B64264C52980037C88E;
					};
				};
			};
			buildConfigurationList = 15DB3B60264C52980037C88E /* Build configuration list for PBXProject "ToDoListApp" */;
			compatibilityVersion = "Xcode 9.3";
			developmentRegion = en;
			hasScannedForEncodings = 0;
			knownRegions = (
				en,
				Base,
			);
			mainGroup = 15DB3B5C264C52980037C88E;
			productRefGroup = 15DB3B66264C52980037C88E /* Products */;
			projectDirPath = "";
			projectRoot = "";
			targets = (
				15DB3B64264C52980037C88E /* ToDoListApp */,
				15DB3B7D264C529B0037C88E /* ToDoListAppTests */,
				15DB3B88264C529B0037C88E /* ToDoListAppUITests */,
			);
		};
/* End PBXProject section */

/* Begin PBXResourcesBuildPhase section */
		15DB3B63264C52980037C88E /* Resources */ = {
			isa = PBXResourcesBuildPhase;
			buildActionMask = 2147483647;
			files = (
				15DB3B78264C529B0037C88E /* LaunchScreen.storyboard in Resources */,
				15DB3B75264C529B0037C88E /* Assets.xcassets in Resources */,
				15DB3B70264C52980037C88E /* Main.storyboard in Resources */,
			);
			runOnlyForDeploymentPostprocessing = 0;
		};
		15DB3B7C264C529B0037C88E /* Resources */ = {
			isa = PBXResourcesBuildPhase;
			buildActionMask = 2147483647;
			files = (
			);
			runOnlyForDeploymentPostprocessing = 0;
		};
		15DB3B87264C529B0037C88E /* Resources */ = {
			isa = PBXResourcesBuildPhase;
			buildActionMask = 2147483647;
			files = (
			);
			runOnlyForDeploymentPostprocessing = 0;
		};
/* End PBXResourcesBuildPhase section */

/* Begin PBXSourcesBuildPhase section */
		15DB3B61264C52980037C88E /* Sources */ = {
			isa = PBXSourcesBuildPhase;
			buildActionMask = 2147483647;
			files = (
				15DB3B6D264C52980037C88E /* ViewController.swift in Sources */,
				15DB3B69264C52980037C88E /* AppDelegate.swift in Sources */,
				15DB3BB3264C70C80037C88E /* CompleteToDoViewController.swift in Sources */,
				15DB3B6B264C52980037C88E /* SceneDelegate.swift in Sources */,
				15DB3BA4264C55A00037C88E /* ToDo.swift in Sources */,
				15DB3BAE264C6AF50037C88E /* AddToDoViewController.swift in Sources */,
				15DB3B73264C52980037C88E /* ToDoListApp.xcdatamodeld in Sources */,
				15DB3B9F264C55260037C88E /* ToDoTableViewController.swift in Sources */,
			);
			runOnlyForDeploymentPostprocessing = 0;
		};
		15DB3B7A264C529B0037C88E /* Sources */ = {
			isa = PBXSourcesBuildPhase;
			buildActionMask = 2147483647;
			files = (
				15DB3B83264C529B0037C88E /* ToDoListAppTests.swift in Sources */,
			);
			runOnlyForDeploymentPostprocessing = 0;
		};
		15DB3B85264C529B0037C88E /* Sources */ = {
			isa = PBXSourcesBuildPhase;
			buildActionMask = 2147483647;
			files = (
				15DB3B8E264C529B0037C88E /* ToDoListAppUITests.swift in Sources */,
			);
			runOnlyForDeploymentPostprocessing = 0;
		};
/* End PBXSourcesBuildPhase section */

/* Begin PBXTargetDependency section */
		15DB3B80264C529B0037C88E /* PBXTargetDependency */ = {
			isa = PBXTargetDependency;
			target = 15DB3B64264C52980037C88E /* ToDoListApp */;
			targetProxy = 15DB3B7F264C529B0037C88E /* PBXContainerItemProxy */;
		};
		15DB3B8B264C529B0037C88E /* PBXTargetDependency */ = {
			isa = PBXTargetDependency;
			target = 15DB3B64264C52980037C88E /* ToDoListApp */;
			targetProxy = 15DB3B8A264C529B0037C88E /* PBXContainerItemProxy */;
		};
/* End PBXTargetDependency section */

/* Begin PBXVariantGroup section */
		15DB3B6E264C52980037C88E /* Main.storyboard */ = {
			isa = PBXVariantGroup;
			children = (
				15DB3B6F264C52980037C88E /* Base */,
			);
			name = Main.storyboard;
			sourceTree = "<group>";
		};
		15DB3B76264C529B0037C88E /* LaunchScreen.storyboard */ = {
			isa = PBXVariantGroup;
			children = (
				15DB3B77264C529B0037C88E /* Base */,
			);
			name = LaunchScreen.storyboard;
			sourceTree = "<group>";
		};
/* End PBXVariantGroup section */

/* Begin XCBuildConfiguration section */
		15DB3B90264C529B0037C88E /* Debug */ = {
			isa = XCBuildConfiguration;
			buildSettings = {
				ALWAYS_SEARCH_USER_PATHS = NO;
				CLANG_ANALYZER_NONNULL = YES;
				CLANG_ANALYZER_NUMBER_OBJECT_CONVERSION = YES_AGGRESSIVE;
				CLANG_CXX_LANGUAGE_STANDARD = "gnu++14";
				CLANG_CXX_LIBRARY = "libc++";
				CLANG_ENABLE_MODULES = YES;
				CLANG_ENABLE_OBJC_ARC = YES;
				CLANG_ENABLE_OBJC_WEAK = YES;
				CLANG_WARN_BLOCK_CAPTURE_AUTORELEASING = YES;
				CLANG_WARN_BOOL_CONVERSION = YES;
				CLANG_WARN_COMMA = YES;
				CLANG_WARN_CONSTANT_CONVERSION = YES;
				CLANG_WARN_DEPRECATED_OBJC_IMPLEMENTATIONS = YES;
				CLANG_WARN_DIRECT_OBJC_ISA_USAGE = YES_ERROR;
				CLANG_WARN_DOCUMENTATION_COMMENTS = YES;
				CLANG_WARN_EMPTY_BODY = YES;
				CLANG_WARN_ENUM_CONVERSION = YES;
				CLANG_WARN_INFINITE_RECURSION = YES;
				CLANG_WARN_INT_CONVERSION = YES;
				CLANG_WARN_NON_LITERAL_NULL_CONVERSION = YES;
				CLANG_WARN_OBJC_IMPLICIT_RETAIN_SELF = YES;
				CLANG_WARN_OBJC_LITERAL_CONVERSION = YES;
				CLANG_WARN_OBJC_ROOT_CLASS = YES_ERROR;
				CLANG_WARN_QUOTED_INCLUDE_IN_FRAMEWORK_HEADER = YES;
				CLANG_WARN_RANGE_LOOP_ANALYSIS = YES;
				CLANG_WARN_STRICT_PROTOTYPES = YES;
				CLANG_WARN_SUSPICIOUS_MOVE = YES;
				CLANG_WARN_UNGUARDED_AVAILABILITY = YES_AGGRESSIVE;
				CLANG_WARN_UNREACHABLE_CODE = YES;
				CLANG_WARN__DUPLICATE_METHOD_MATCH = YES;
				COPY_PHASE_STRIP = NO;
				DEBUG_INFORMATION_FORMAT = dwarf;
				ENABLE_STRICT_OBJC_MSGSEND = YES;
				ENABLE_TESTABILITY = YES;
				GCC_C_LANGUAGE_STANDARD = gnu11;
				GCC_DYNAMIC_NO_PIC = NO;
				GCC_NO_COMMON_BLOCKS = YES;
				GCC_OPTIMIZATION_LEVEL = 0;
				GCC_PREPROCESSOR_DEFINITIONS = (
					"DEBUG=1",
					"$(inherited)",
				);
				GCC_WARN_64_TO_32_BIT_CONVERSION = YES;
				GCC_WARN_ABOUT_RETURN_TYPE = YES_ERROR;
				GCC_WARN_UNDECLARED_SELECTOR = YES;
				GCC_WARN_UNINITIALIZED_AUTOS = YES_AGGRESSIVE;
				GCC_WARN_UNUSED_FUNCTION = YES;
				GCC_WARN_UNUSED_VARIABLE = YES;
				IPHONEOS_DEPLOYMENT_TARGET = 14.4;
				MTL_ENABLE_DEBUG_INFO = INCLUDE_SOURCE;
				MTL_FAST_MATH = YES;
				ONLY_ACTIVE_ARCH = YES;
				SDKROOT = iphoneos;
				SWIFT_ACTIVE_COMPILATION_CONDITIONS = DEBUG;
				SWIFT_OPTIMIZATION_LEVEL = "-Onone";
			};
			name = Debug;
		};
		15DB3B91264C529B0037C88E /* Release */ = {
			isa = XCBuildConfiguration;
			buildSettings = {
				ALWAYS_SEARCH_USER_PATHS = NO;
				CLANG_ANALYZER_NONNULL = YES;
				CLANG_ANALYZER_NUMBER_OBJECT_CONVERSION = YES_AGGRESSIVE;
				CLANG_CXX_LANGUAGE_STANDARD = "gnu++14";
				CLANG_CXX_LIBRARY = "libc++";
				CLANG_ENABLE_MODULES = YES;
				CLANG_ENABLE_OBJC_ARC = YES;
				CLANG_ENABLE_OBJC_WEAK = YES;
				CLANG_WARN_BLOCK_CAPTURE_AUTORELEASING = YES;
				CLANG_WARN_BOOL_CONVERSION = YES;
				CLANG_WARN_COMMA = YES;
				CLANG_WARN_CONSTANT_CONVERSION = YES;
				CLANG_WARN_DEPRECATED_OBJC_IMPLEMENTATIONS = YES;
				CLANG_WARN_DIRECT_OBJC_ISA_USAGE = YES_ERROR;
				CLANG_WARN_DOCUMENTATION_COMMENTS = YES;
				CLANG_WARN_EMPTY_BODY = YES;
				CLANG_WARN_ENUM_CONVERSION = YES;
				CLANG_WARN_INFINITE_RECURSION = YES;
				CLANG_WARN_INT_CONVERSION = YES;
				CLANG_WARN_NON_LITERAL_NULL_CONVERSION = YES;
				CLANG_WARN_OBJC_IMPLICIT_RETAIN_SELF = YES;
				CLANG_WARN_OBJC_LITERAL_CONVERSION = YES;
				CLANG_WARN_OBJC_ROOT_CLASS = YES_ERROR;
				CLANG_WARN_QUOTED_INCLUDE_IN_FRAMEWORK_HEADER = YES;
				CLANG_WARN_RANGE_LOOP_ANALYSIS = YES;
				CLANG_WARN_STRICT_PROTOTYPES = YES;
				CLANG_WARN_SUSPICIOUS_MOVE = YES;
				CLANG_WARN_UNGUARDED_AVAILABILITY = YES_AGGRESSIVE;
				CLANG_WARN_UNREACHABLE_CODE = YES;
				CLANG_WARN__DUPLICATE_METHOD_MATCH = YES;
				COPY_PHASE_STRIP = NO;
				DEBUG_INFORMATION_FORMAT = "dwarf-with-dsym";
				ENABLE_NS_ASSERTIONS = NO;
				ENABLE_STRICT_OBJC_MSGSEND = YES;
				GCC_C_LANGUAGE_STANDARD = gnu11;
				GCC_NO_COMMON_BLOCKS = YES;
				GCC_WARN_64_TO_32_BIT_CONVERSION = YES;
				GCC_WARN_ABOUT_RETURN_TYPE = YES_ERROR;
				GCC_WARN_UNDECLARED_SELECTOR = YES;
				GCC_WARN_UNINITIALIZED_AUTOS = YES_AGGRESSIVE;
				GCC_WARN_UNUSED_FUNCTION = YES;
				GCC_WARN_UNUSED_VARIABLE = YES;
				IPHONEOS_DEPLOYMENT_TARGET = 14.4;
				MTL_ENABLE_DEBUG_INFO = NO;
				MTL_FAST_MATH = YES;
				SDKROOT = iphoneos;
				SWIFT_COMPILATION_MODE = wholemodule;
				SWIFT_OPTIMIZATION_LEVEL = "-O";
				VALIDATE_PRODUCT = YES;
			};
			name = Release;
		};
		15DB3B93264C529B0037C88E /* Debug */ = {
			isa = XCBuildConfiguration;
			buildSettings = {
				ASSETCATALOG_COMPILER_APPICON_NAME = AppIcon;
				ASSETCATALOG_COMPILER_GLOBAL_ACCENT_COLOR_NAME = AccentColor;
				CODE_SIGN_STYLE = Automatic;
				INFOPLIST_FILE = ToDoListApp/Info.plist;
				LD_RUNPATH_SEARCH_PATHS = (
					"$(inherited)",
					"@executable_path/Frameworks",
				);
				PRODUCT_BUNDLE_IDENTIFIER = Claire.ToDoListApp;
				PRODUCT_NAME = "$(TARGET_NAME)";
				SWIFT_VERSION = 5.0;
				TARGETED_DEVICE_FAMILY = "1,2";
			};
			name = Debug;
		};
		15DB3B94264C529B0037C88E /* Release */ = {
			isa = XCBuildConfiguration;
			buildSettings = {
				ASSETCATALOG_COMPILER_APPICON_NAME = AppIcon;
				ASSETCATALOG_COMPILER_GLOBAL_ACCENT_COLOR_NAME = AccentColor;
				CODE_SIGN_STYLE = Automatic;
				INFOPLIST_FILE = ToDoListApp/Info.plist;
				LD_RUNPATH_SEARCH_PATHS = (
					"$(inherited)",
					"@executable_path/Frameworks",
				);
				PRODUCT_BUNDLE_IDENTIFIER = Claire.ToDoListApp;
				PRODUCT_NAME = "$(TARGET_NAME)";
				SWIFT_VERSION = 5.0;
				TARGETED_DEVICE_FAMILY = "1,2";
			};
			name = Release;
		};
		15DB3B96264C529B0037C88E /* Debug */ = {
			isa = XCBuildConfiguration;
			buildSettings = {
				ALWAYS_EMBED_SWIFT_STANDARD_LIBRARIES = YES;
				BUNDLE_LOADER = "$(TEST_HOST)";
				CODE_SIGN_STYLE = Automatic;
				INFOPLIST_FILE = ToDoListAppTests/Info.plist;
				IPHONEOS_DEPLOYMENT_TARGET = 14.4;
				LD_RUNPATH_SEARCH_PATHS = (
					"$(inherited)",
					"@executable_path/Frameworks",
					"@loader_path/Frameworks",
				);
				PRODUCT_BUNDLE_IDENTIFIER = Claire.ToDoListAppTests;
				PRODUCT_NAME = "$(TARGET_NAME)";
				SWIFT_VERSION = 5.0;
				TARGETED_DEVICE_FAMILY = "1,2";
				TEST_HOST = "$(BUILT_PRODUCTS_DIR)/ToDoListApp.app/ToDoListApp";
			};
			name = Debug;
		};
		15DB3B97264C529B0037C88E /* Release */ = {
			isa = XCBuildConfiguration;
			buildSettings = {
				ALWAYS_EMBED_SWIFT_STANDARD_LIBRARIES = YES;
				BUNDLE_LOADER = "$(TEST_HOST)";
				CODE_SIGN_STYLE = Automatic;
				INFOPLIST_FILE = ToDoListAppTests/Info.plist;
				IPHONEOS_DEPLOYMENT_TARGET = 14.4;
				LD_RUNPATH_SEARCH_PATHS = (
					"$(inherited)",
					"@executable_path/Frameworks",
					"@loader_path/Frameworks",
				);
				PRODUCT_BUNDLE_IDENTIFIER = Claire.ToDoListAppTests;
				PRODUCT_NAME = "$(TARGET_NAME)";
				SWIFT_VERSION = 5.0;
				TARGETED_DEVICE_FAMILY = "1,2";
				TEST_HOST = "$(BUILT_PRODUCTS_DIR)/ToDoListApp.app/ToDoListApp";
			};
			name = Release;
		};
		15DB3B99264C529B0037C88E /* Debug */ = {
			isa = XCBuildConfiguration;
			buildSettings = {
				ALWAYS_EMBED_SWIFT_STANDARD_LIBRARIES = YES;
				CODE_SIGN_STYLE = Automatic;
				INFOPLIST_FILE = ToDoListAppUITests/Info.plist;
				LD_RUNPATH_SEARCH_PATHS = (
					"$(inherited)",
					"@executable_path/Frameworks",
					"@loader_path/Frameworks",
				);
				PRODUCT_BUNDLE_IDENTIFIER = Claire.ToDoListAppUITests;
				PRODUCT_NAME = "$(TARGET_NAME)";
				SWIFT_VERSION = 5.0;
				TARGETED_DEVICE_FAMILY = "1,2";
				TEST_TARGET_NAME = ToDoListApp;
			};
			name = Debug;
		};
		15DB3B9A264C529B0037C88E /* Release */ = {
			isa = XCBuildConfiguration;
			buildSettings = {
				ALWAYS_EMBED_SWIFT_STANDARD_LIBRARIES = YES;
				CODE_SIGN_STYLE = Automatic;
				INFOPLIST_FILE = ToDoListAppUITests/Info.plist;
				LD_RUNPATH_SEARCH_PATHS = (
					"$(inherited)",
					"@executable_path/Frameworks",
					"@loader_path/Frameworks",
				);
				PRODUCT_BUNDLE_IDENTIFIER = Claire.ToDoListAppUITests;
				PRODUCT_NAME = "$(TARGET_NAME)";
				SWIFT_VERSION = 5.0;
				TARGETED_DEVICE_FAMILY = "1,2";
				TEST_TARGET_NAME = ToDoListApp;
			};
			name = Release;
		};
/* End XCBuildConfiguration section */

/* Begin XCConfigurationList section */
		15DB3B60264C52980037C88E /* Build configuration list for PBXProject "ToDoListApp" */ = {
			isa = XCConfigurationList;
			buildConfigurations = (
				15DB3B90264C529B0037C88E /* Debug */,
				15DB3B91264C529B0037C88E /* Release */,
			);
			defaultConfigurationIsVisible = 0;
			defaultConfigurationName = Release;
		};
		15DB3B92264C529B0037C88E /* Build configuration list for PBXNativeTarget "ToDoListApp" */ = {
			isa = XCConfigurationList;
			buildConfigurations = (
				15DB3B93264C529B0037C88E /* Debug */,
				15DB3B94264C529B0037C88E /* Release */,
			);
			defaultConfigurationIsVisible = 0;
			defaultConfigurationName = Release;
		};
		15DB3B95264C529B0037C88E /* Build configuration list for PBXNativeTarget "ToDoListAppTests" */ = {
			isa = XCConfigurationList;
			buildConfigurations = (
				15DB3B96264C529B0037C88E /* Debug */,
				15DB3B97264C529B0037C88E /* Release */,
			);
			defaultConfigurationIsVisible = 0;
			defaultConfigurationName = Release;
		};
		15DB3B98264C529B0037C88E /* Build configuration list for PBXNativeTarget "ToDoListAppUITests" */ = {
			isa = XCConfigurationList;
			buildConfigurations = (
				15DB3B99264C529B0037C88E /* Debug */,
				15DB3B9A264C529B0037C88E /* Release */,
			);
			defaultConfigurationIsVisible = 0;
			defaultConfigurationName = Release;
		};
/* End XCConfigurationList section */

/* Begin XCVersionGroup section */
		15DB3B71264C52980037C88E /* ToDoListApp.xcdatamodeld */ = {
			isa = XCVersionGroup;
			children = (
				15DB3B72264C52980037C88E /* ToDoListApp.xcdatamodel */,
			);
			currentVersion = 15DB3B72264C52980037C88E /* ToDoListApp.xcdatamodel */;
			path = ToDoListApp.xcdatamodeld;
			sourceTree = "<group>";
			versionGroupType = wrapper.xcdatamodel;
		};
/* End XCVersionGroup section */
	};
	rootObject = 15DB3B5D264C52980037C88E /* Project object */;
}
